// !$*UTF8*$!
{
	archiveVersion = 1;
	classes = {
	};
	objectVersion = 50;
	objects = {

/* Begin PBXAggregateTarget section */
		041078DB267083A900EC3715 /* waterfallLayourUniversal */ = {
			isa = PBXAggregateTarget;
			buildConfigurationList = 041078DC267083A900EC3715 /* Build configuration list for PBXAggregateTarget "waterfallLayourUniversal" */;
			buildPhases = (
				041078E1267083BA00EC3715 /* ShellScript */,
			);
			dependencies = (
			);
			name = waterfallLayourUniversal;
			productName = waterfallLayourUniversal;
		};
/* End PBXAggregateTarget section */

/* Begin PBXBuildFile section */
		041078BF267080BF00EC3715 /* waterfallStoryboard.storyboard in Resources */ = {isa = PBXBuildFile; fileRef = 041078BE267080BF00EC3715 /* waterfallStoryboard.storyboard */; };
		041078C82670823E00EC3715 /* scrollViewController.swift in Sources */ = {isa = PBXBuildFile; fileRef = 041078C42670823E00EC3715 /* scrollViewController.swift */; };
		041078C92670823E00EC3715 /* snsCollectionViewController.swift in Sources */ = {isa = PBXBuildFile; fileRef = 041078C52670823E00EC3715 /* snsCollectionViewController.swift */; };
		041078CA2670823E00EC3715 /* videoViewController.swift in Sources */ = {isa = PBXBuildFile; fileRef = 041078C62670823E00EC3715 /* videoViewController.swift */; };
		041078CB2670823E00EC3715 /* waterfallViewController.swift in Sources */ = {isa = PBXBuildFile; fileRef = 041078C72670823E00EC3715 /* waterfallViewController.swift */; };
		041078D12670825100EC3715 /* cellModel.swift in Sources */ = {isa = PBXBuildFile; fileRef = 041078CE2670825100EC3715 /* cellModel.swift */; };
		041078D22670825100EC3715 /* playVideoVewModel.swift in Sources */ = {isa = PBXBuildFile; fileRef = 041078CF2670825100EC3715 /* playVideoVewModel.swift */; };
		041078D32670825100EC3715 /* sampleImage.swift in Sources */ = {isa = PBXBuildFile; fileRef = 041078D02670825100EC3715 /* sampleImage.swift */; };
		041078D62670825E00EC3715 /* pagingViewModel.swift in Sources */ = {isa = PBXBuildFile; fileRef = 041078D52670825E00EC3715 /* pagingViewModel.swift */; };
		041078D92670826500EC3715 /* pinterestLayout.swift in Sources */ = {isa = PBXBuildFile; fileRef = 041078D82670826500EC3715 /* pinterestLayout.swift */; };
		041078E3267083EE00EC3715 /* Assets.xcassets in Resources */ = {isa = PBXBuildFile; fileRef = 041078E2267083EE00EC3715 /* Assets.xcassets */; };
		041078E82670840C00EC3715 /* end.mp4 in Resources */ = {isa = PBXBuildFile; fileRef = 041078E62670840B00EC3715 /* end.mp4 */; };
		041078E92670840C00EC3715 /* start.mp4 in Resources */ = {isa = PBXBuildFile; fileRef = 041078E72670840C00EC3715 /* start.mp4 */; };
		04E300C6265DE0CE00C842E5 /* waterfallLayoutFramework.h in Headers */ = {isa = PBXBuildFile; fileRef = 04E300C4265DE0CE00C842E5 /* waterfallLayoutFramework.h */; settings = {ATTRIBUTES = (Public, ); }; };
/* End PBXBuildFile section */

/* Begin PBXFileReference section */
		041078BE267080BF00EC3715 /* waterfallStoryboard.storyboard */ = {isa = PBXFileReference; fileEncoding = 4; lastKnownFileType = file.storyboard; name = waterfallStoryboard.storyboard; path = ../../../../TDI/Project/waterfallLayoutFramework_paging/waterfallLayoutFramework/waterfallStoryboard.storyboard; sourceTree = "<group>"; };
		041078C42670823E00EC3715 /* scrollViewController.swift */ = {isa = PBXFileReference; fileEncoding = 4; lastKnownFileType = sourcecode.swift; path = scrollViewController.swift; sourceTree = "<group>"; };
		041078C52670823E00EC3715 /* snsCollectionViewController.swift */ = {isa = PBXFileReference; fileEncoding = 4; lastKnownFileType = sourcecode.swift; path = snsCollectionViewController.swift; sourceTree = "<group>"; };
		041078C62670823E00EC3715 /* videoViewController.swift */ = {isa = PBXFileReference; fileEncoding = 4; lastKnownFileType = sourcecode.swift; path = videoViewController.swift; sourceTree = "<group>"; };
		041078C72670823E00EC3715 /* waterfallViewController.swift */ = {isa = PBXFileReference; fileEncoding = 4; lastKnownFileType = sourcecode.swift; path = waterfallViewController.swift; sourceTree = "<group>"; };
		041078CE2670825100EC3715 /* cellModel.swift */ = {isa = PBXFileReference; fileEncoding = 4; lastKnownFileType = sourcecode.swift; path = cellModel.swift; sourceTree = "<group>"; };
		041078CF2670825100EC3715 /* playVideoVewModel.swift */ = {isa = PBXFileReference; fileEncoding = 4; lastKnownFileType = sourcecode.swift; path = playVideoVewModel.swift; sourceTree = "<group>"; };
		041078D02670825100EC3715 /* sampleImage.swift */ = {isa = PBXFileReference; fileEncoding = 4; lastKnownFileType = sourcecode.swift; path = sampleImage.swift; sourceTree = "<group>"; };
		041078D52670825E00EC3715 /* pagingViewModel.swift */ = {isa = PBXFileReference; fileEncoding = 4; lastKnownFileType = sourcecode.swift; path = pagingViewModel.swift; sourceTree = "<group>"; };
		041078D82670826500EC3715 /* pinterestLayout.swift */ = {isa = PBXFileReference; fileEncoding = 4; lastKnownFileType = sourcecode.swift; path = pinterestLayout.swift; sourceTree = "<group>"; };
		041078E2267083EE00EC3715 /* Assets.xcassets */ = {isa = PBXFileReference; lastKnownFileType = folder.assetcatalog; path = Assets.xcassets; sourceTree = "<group>"; };
		041078E62670840B00EC3715 /* end.mp4 */ = {isa = PBXFileReference; lastKnownFileType = file; path = end.mp4; sourceTree = "<group>"; };
		041078E72670840C00EC3715 /* start.mp4 */ = {isa = PBXFileReference; lastKnownFileType = file; path = start.mp4; sourceTree = "<group>"; };
		04E300C1265DE0CE00C842E5 /* waterfallLayoutFramework.framework */ = {isa = PBXFileReference; explicitFileType = wrapper.framework; includeInIndex = 0; path = waterfallLayoutFramework.framework; sourceTree = BUILT_PRODUCTS_DIR; };
		04E300C4265DE0CE00C842E5 /* waterfallLayoutFramework.h */ = {isa = PBXFileReference; lastKnownFileType = sourcecode.c.h; path = waterfallLayoutFramework.h; sourceTree = "<group>"; };
		04E300C5265DE0CE00C842E5 /* Info.plist */ = {isa = PBXFileReference; lastKnownFileType = text.plist.xml; path = Info.plist; sourceTree = "<group>"; };
/* End PBXFileReference section */

/* Begin PBXFrameworksBuildPhase section */
		04E300BE265DE0CE00C842E5 /* Frameworks */ = {
			isa = PBXFrameworksBuildPhase;
			buildActionMask = 2147483647;
			files = (
			);
			runOnlyForDeploymentPostprocessing = 0;
		};
/* End PBXFrameworksBuildPhase section */

/* Begin PBXGroup section */
		041078C32670823E00EC3715 /* ViewController */ = {
			isa = PBXGroup;
			children = (
				041078C42670823E00EC3715 /* scrollViewController.swift */,
				041078C52670823E00EC3715 /* snsCollectionViewController.swift */,
				041078C62670823E00EC3715 /* videoViewController.swift */,
				041078C72670823E00EC3715 /* waterfallViewController.swift */,
			);
			path = ViewController;
			sourceTree = "<group>";
		};
		041078CD2670825100EC3715 /* Model */ = {
			isa = PBXGroup;
			children = (
				041078CE2670825100EC3715 /* cellModel.swift */,
				041078CF2670825100EC3715 /* playVideoVewModel.swift */,
				041078D02670825100EC3715 /* sampleImage.swift */,
			);
			path = Model;
			sourceTree = "<group>";
		};
		04E300B7265DE0CE00C842E5 = {
			isa = PBXGroup;
			children = (
				04E300C3265DE0CE00C842E5 /* waterfallLayoutFramework */,
				04E300C2265DE0CE00C842E5 /* Products */,
			);
			sourceTree = "<group>";
		};
		04E300C2265DE0CE00C842E5 /* Products */ = {
			isa = PBXGroup;
			children = (
				04E300C1265DE0CE00C842E5 /* waterfallLayoutFramework.framework */,
			);
			name = Products;
			sourceTree = "<group>";
		};
		04E300C3265DE0CE00C842E5 /* waterfallLayoutFramework */ = {
			isa = PBXGroup;
			children = (
				041078CD2670825100EC3715 /* Model */,
				041078C32670823E00EC3715 /* ViewController */,
				04E300C4265DE0CE00C842E5 /* waterfallLayoutFramework.h */,
				041078D52670825E00EC3715 /* pagingViewModel.swift */,
				041078D82670826500EC3715 /* pinterestLayout.swift */,
				04E300C5265DE0CE00C842E5 /* Info.plist */,
				041078E2267083EE00EC3715 /* Assets.xcassets */,
				041078E62670840B00EC3715 /* end.mp4 */,
				041078E72670840C00EC3715 /* start.mp4 */,
				041078BE267080BF00EC3715 /* waterfallStoryboard.storyboard */,
			);
			path = waterfallLayoutFramework;
			sourceTree = "<group>";
		};
/* End PBXGroup section */

/* Begin PBXHeadersBuildPhase section */
		04E300BC265DE0CE00C842E5 /* Headers */ = {
			isa = PBXHeadersBuildPhase;
			buildActionMask = 2147483647;
			files = (
				04E300C6265DE0CE00C842E5 /* waterfallLayoutFramework.h in Headers */,
			);
			runOnlyForDeploymentPostprocessing = 0;
		};
/* End PBXHeadersBuildPhase section */

/* Begin PBXNativeTarget section */
		04E300C0265DE0CE00C842E5 /* waterfallLayoutFramework */ = {
			isa = PBXNativeTarget;
			buildConfigurationList = 04E300C9265DE0CE00C842E5 /* Build configuration list for PBXNativeTarget "waterfallLayoutFramework" */;
			buildPhases = (
				04E300BC265DE0CE00C842E5 /* Headers */,
				04E300BD265DE0CE00C842E5 /* Sources */,
				04E300BE265DE0CE00C842E5 /* Frameworks */,
				04E300BF265DE0CE00C842E5 /* Resources */,
			);
			buildRules = (
			);
			dependencies = (
			);
			name = waterfallLayoutFramework;
			productName = waterfallLayoutFramework;
			productReference = 04E300C1265DE0CE00C842E5 /* waterfallLayoutFramework.framework */;
			productType = "com.apple.product-type.framework";
		};
/* End PBXNativeTarget section */

/* Begin PBXProject section */
		04E300B8265DE0CE00C842E5 /* Project object */ = {
			isa = PBXProject;
			attributes = {
				LastUpgradeCheck = 1240;
				TargetAttributes = {
					041078DB267083A900EC3715 = {
						CreatedOnToolsVersion = 12.4;
					};
					04E300C0265DE0CE00C842E5 = {
						CreatedOnToolsVersion = 12.4;
						LastSwiftMigration = 1240;
					};
				};
			};
			buildConfigurationList = 04E300BB265DE0CE00C842E5 /* Build configuration list for PBXProject "waterfallLayoutFramework" */;
			compatibilityVersion = "Xcode 9.3";
			developmentRegion = en;
			hasScannedForEncodings = 0;
			knownRegions = (
				en,
				Base,
			);
			mainGroup = 04E300B7265DE0CE00C842E5;
			productRefGroup = 04E300C2265DE0CE00C842E5 /* Products */;
			projectDirPath = "";
			projectRoot = "";
			targets = (
				04E300C0265DE0CE00C842E5 /* waterfallLayoutFramework */,
				041078DB267083A900EC3715 /* waterfallLayourUniversal */,
			);
		};
/* End PBXProject section */

/* Begin PBXResourcesBuildPhase section */
		04E300BF265DE0CE00C842E5 /* Resources */ = {
			isa = PBXResourcesBuildPhase;
			buildActionMask = 2147483647;
			files = (
				041078E82670840C00EC3715 /* end.mp4 in Resources */,
				041078E3267083EE00EC3715 /* Assets.xcassets in Resources */,
				041078E92670840C00EC3715 /* start.mp4 in Resources */,
				041078BF267080BF00EC3715 /* waterfallStoryboard.storyboard in Resources */,
			);
			runOnlyForDeploymentPostprocessing = 0;
		};
/* End PBXResourcesBuildPhase section */

/* Begin PBXShellScriptBuildPhase section */
		041078E1267083BA00EC3715 /* ShellScript */ = {
			isa = PBXShellScriptBuildPhase;
			buildActionMask = 2147483647;
			files = (
			);
			inputFileListPaths = (
			);
			inputPaths = (
			);
			outputFileListPaths = (
			);
			outputPaths = (
			);
			runOnlyForDeploymentPostprocessing = 0;
			shellPath = /bin/sh;
			shellScript = "# Type a script or drag a script file from your workspace to insert its path.\nUNIVERSAL_OUTPUTFOLDER=${BUILD_DIR}/${CONFIGURATION}-universal \nmkdir -p \"${UNIVERSAL_OUTPUTFOLDER}\" \nxcodebuild BITCODE_GENERATION_MODE=bitcode OTHER_CFLAGS=\"-fembed-bitcode\" -target \"${PROJECT_NAME}\" ONLY_ACTIVE_ARCH=NO -configuration ${CONFIGURATION} -sdk iphoneos BUILD_DIR=\"${BUILD_DIR}\" BUILD_ROOT=\"${BUILD_ROOT}\" clean build \nxcodebuild BITCODE_GENERATION_MODE=bitcode OTHER_CFLAGS=\"-fembed-bitcode\" -target \"${PROJECT_NAME}\" ONLY_ACTIVE_ARCH=NO -configuration ${CONFIGURATION} -sdk iphonesimulator BUILD_DIR=\"${BUILD_DIR}\" BUILD_ROOT=\"${BUILD_ROOT}\"  EXCLUDED_ARCHS=\"arm64\" clean build \ncp -R \"${BUILD_DIR}/${CONFIGURATION}-iphoneos/${PROJECT_NAME}.framework\" \"${UNIVERSAL_OUTPUTFOLDER}/\" \ncp -R \"${BUILD_DIR}/${CONFIGURATION}-iphonesimulator/${PROJECT_NAME}.framework/Modules/${PROJECT_NAME}.swiftmodule/.\" \"${UNIVERSAL_OUTPUTFOLDER}/${PROJECT_NAME}.framework/Modules/${PROJECT_NAME}.swiftmodule\"\nlipo -create -output \"${UNIVERSAL_OUTPUTFOLDER}/${PROJECT_NAME}.framework/${PROJECT_NAME}\" \"${BUILD_DIR}/${CONFIGURATION}-iphonesimulator/${PROJECT_NAME}.framework/${PROJECT_NAME}\" \"${BUILD_DIR}/${CONFIGURATION}-iphoneos/${PROJECT_NAME}.framework/${PROJECT_NAME}\" \ncp -R \"${UNIVERSAL_OUTPUTFOLDER}/${PROJECT_NAME}.framework\" \"${PROJECT_DIR}\"\n";
		};
/* End PBXShellScriptBuildPhase section */

/* Begin PBXSourcesBuildPhase section */
		04E300BD265DE0CE00C842E5 /* Sources */ = {
			isa = PBXSourcesBuildPhase;
			buildActionMask = 2147483647;
			files = (
				041078D22670825100EC3715 /* playVideoVewModel.swift in Sources */,
				041078C82670823E00EC3715 /* scrollViewController.swift in Sources */,
				041078D62670825E00EC3715 /* pagingViewModel.swift in Sources */,
				041078CB2670823E00EC3715 /* waterfallViewController.swift in Sources */,
				041078D12670825100EC3715 /* cellModel.swift in Sources */,
				041078CA2670823E00EC3715 /* videoViewController.swift in Sources */,
				041078D92670826500EC3715 /* pinterestLayout.swift in Sources */,
				041078D32670825100EC3715 /* sampleImage.swift in Sources */,
				041078C92670823E00EC3715 /* snsCollectionViewController.swift in Sources */,
			);
			runOnlyForDeploymentPostprocessing = 0;
		};
/* End PBXSourcesBuildPhase section */

/* Begin XCBuildConfiguration section */
		041078DD267083A900EC3715 /* Debug */ = {
			isa = XCBuildConfiguration;
			buildSettings = {
				CODE_SIGN_STYLE = Automatic;
				DEVELOPMENT_TEAM = 2ZDSL44DP7;
				PRODUCT_NAME = "$(TARGET_NAME)";
			};
			name = Debug;
		};
		041078DE267083A900EC3715 /* Release */ = {
			isa = XCBuildConfiguration;
			buildSettings = {
				CODE_SIGN_STYLE = Automatic;
				DEVELOPMENT_TEAM = 2ZDSL44DP7;
				PRODUCT_NAME = "$(TARGET_NAME)";
			};
			name = Release;
		};
		04E300C7265DE0CE00C842E5 /* Debug */ = {
			isa = XCBuildConfiguration;
			buildSettings = {
				ALWAYS_SEARCH_USER_PATHS = NO;
				CLANG_ANALYZER_NONNULL = YES;
				CLANG_ANALYZER_NUMBER_OBJECT_CONVERSION = YES_AGGRESSIVE;
				CLANG_CXX_LANGUAGE_STANDARD = "gnu++14";
				CLANG_CXX_LIBRARY = "libc++";
				CLANG_ENABLE_MODULES = YES;
				CLANG_ENABLE_OBJC_ARC = YES;
				CLANG_ENABLE_OBJC_WEAK = YES;
				CLANG_WARN_BLOCK_CAPTURE_AUTORELEASING = YES;
				CLANG_WARN_BOOL_CONVERSION = YES;
				CLANG_WARN_COMMA = YES;
				CLANG_WARN_CONSTANT_CONVERSION = YES;
				CLANG_WARN_DEPRECATED_OBJC_IMPLEMENTATIONS = YES;
				CLANG_WARN_DIRECT_OBJC_ISA_USAGE = YES_ERROR;
				CLANG_WARN_DOCUMENTATION_COMMENTS = YES;
				CLANG_WARN_EMPTY_BODY = YES;
				CLANG_WARN_ENUM_CONVERSION = YES;
				CLANG_WARN_INFINITE_RECURSION = YES;
				CLANG_WARN_INT_CONVERSION = YES;
				CLANG_WARN_NON_LITERAL_NULL_CONVERSION = YES;
				CLANG_WARN_OBJC_IMPLICIT_RETAIN_SELF = YES;
				CLANG_WARN_OBJC_LITERAL_CONVERSION = YES;
				CLANG_WARN_OBJC_ROOT_CLASS = YES_ERROR;
				CLANG_WARN_QUOTED_INCLUDE_IN_FRAMEWORK_HEADER = YES;
				CLANG_WARN_RANGE_LOOP_ANALYSIS = YES;
				CLANG_WARN_STRICT_PROTOTYPES = YES;
				CLANG_WARN_SUSPICIOUS_MOVE = YES;
				CLANG_WARN_UNGUARDED_AVAILABILITY = YES_AGGRESSIVE;
				CLANG_WARN_UNREACHABLE_CODE = YES;
				CLANG_WARN__DUPLICATE_METHOD_MATCH = YES;
				COPY_PHASE_STRIP = NO;
				CURRENT_PROJECT_VERSION = 1;
				DEBUG_INFORMATION_FORMAT = dwarf;
				ENABLE_STRICT_OBJC_MSGSEND = YES;
				ENABLE_TESTABILITY = YES;
				GCC_C_LANGUAGE_STANDARD = gnu11;
				GCC_DYNAMIC_NO_PIC = NO;
				GCC_NO_COMMON_BLOCKS = YES;
				GCC_OPTIMIZATION_LEVEL = 0;
				GCC_PREPROCESSOR_DEFINITIONS = (
					"DEBUG=1",
					"$(inherited)",
				);
				GCC_WARN_64_TO_32_BIT_CONVERSION = YES;
				GCC_WARN_ABOUT_RETURN_TYPE = YES_ERROR;
				GCC_WARN_UNDECLARED_SELECTOR = YES;
				GCC_WARN_UNINITIALIZED_AUTOS = YES_AGGRESSIVE;
				GCC_WARN_UNUSED_FUNCTION = YES;
				GCC_WARN_UNUSED_VARIABLE = YES;
				IPHONEOS_DEPLOYMENT_TARGET = 14.4;
				MTL_ENABLE_DEBUG_INFO = INCLUDE_SOURCE;
				MTL_FAST_MATH = YES;
				ONLY_ACTIVE_ARCH = YES;
				SDKROOT = iphoneos;
				SWIFT_ACTIVE_COMPILATION_CONDITIONS = DEBUG;
				SWIFT_OPTIMIZATION_LEVEL = "-Onone";
				VERSIONING_SYSTEM = "apple-generic";
				VERSION_INFO_PREFIX = "";
			};
			name = Debug;
		};
		04E300C8265DE0CE00C842E5 /* Release */ = {
			isa = XCBuildConfiguration;
			buildSettings = {
				ALWAYS_SEARCH_USER_PATHS = NO;
				CLANG_ANALYZER_NONNULL = YES;
				CLANG_ANALYZER_NUMBER_OBJECT_CONVERSION = YES_AGGRESSIVE;
				CLANG_CXX_LANGUAGE_STANDARD = "gnu++14";
				CLANG_CXX_LIBRARY = "libc++";
				CLANG_ENABLE_MODULES = YES;
				CLANG_ENABLE_OBJC_ARC = YES;
				CLANG_ENABLE_OBJC_WEAK = YES;
				CLANG_WARN_BLOCK_CAPTURE_AUTORELEASING = YES;
				CLANG_WARN_BOOL_CONVERSION = YES;
				CLANG_WARN_COMMA = YES;
				CLANG_WARN_CONSTANT_CONVERSION = YES;
				CLANG_WARN_DEPRECATED_OBJC_IMPLEMENTATIONS = YES;
				CLANG_WARN_DIRECT_OBJC_ISA_USAGE = YES_ERROR;
				CLANG_WARN_DOCUMENTATION_COMMENTS = YES;
				CLANG_WARN_EMPTY_BODY = YES;
				CLANG_WARN_ENUM_CONVERSION = YES;
				CLANG_WARN_INFINITE_RECURSION = YES;
				CLANG_WARN_INT_CONVERSION = YES;
				CLANG_WARN_NON_LITERAL_NULL_CONVERSION = YES;
				CLANG_WARN_OBJC_IMPLICIT_RETAIN_SELF = YES;
				CLANG_WARN_OBJC_LITERAL_CONVERSION = YES;
				CLANG_WARN_OBJC_ROOT_CLASS = YES_ERROR;
				CLANG_WARN_QUOTED_INCLUDE_IN_FRAMEWORK_HEADER = YES;
				CLANG_WARN_RANGE_LOOP_ANALYSIS = YES;
				CLANG_WARN_STRICT_PROTOTYPES = YES;
				CLANG_WARN_SUSPICIOUS_MOVE = YES;
				CLANG_WARN_UNGUARDED_AVAILABILITY = YES_AGGRESSIVE;
				CLANG_WARN_UNREACHABLE_CODE = YES;
				CLANG_WARN__DUPLICATE_METHOD_MATCH = YES;
				COPY_PHASE_STRIP = NO;
				CURRENT_PROJECT_VERSION = 1;
				DEBUG_INFORMATION_FORMAT = "dwarf-with-dsym";
				ENABLE_NS_ASSERTIONS = NO;
				ENABLE_STRICT_OBJC_MSGSEND = YES;
				GCC_C_LANGUAGE_STANDARD = gnu11;
				GCC_NO_COMMON_BLOCKS = YES;
				GCC_WARN_64_TO_32_BIT_CONVERSION = YES;
				GCC_WARN_ABOUT_RETURN_TYPE = YES_ERROR;
				GCC_WARN_UNDECLARED_SELECTOR = YES;
				GCC_WARN_UNINITIALIZED_AUTOS = YES_AGGRESSIVE;
				GCC_WARN_UNUSED_FUNCTION = YES;
				GCC_WARN_UNUSED_VARIABLE = YES;
				IPHONEOS_DEPLOYMENT_TARGET = 14.4;
				MTL_ENABLE_DEBUG_INFO = NO;
				MTL_FAST_MATH = YES;
				SDKROOT = iphoneos;
				SWIFT_COMPILATION_MODE = wholemodule;
				SWIFT_OPTIMIZATION_LEVEL = "-O";
				VALIDATE_PRODUCT = YES;
				VERSIONING_SYSTEM = "apple-generic";
				VERSION_INFO_PREFIX = "";
			};
			name = Release;
		};
		04E300CA265DE0CE00C842E5 /* Debug */ = {
			isa = XCBuildConfiguration;
			buildSettings = {
				CLANG_ENABLE_MODULES = YES;
				CODE_SIGN_STYLE = Automatic;
				DEFINES_MODULE = YES;
				DYLIB_COMPATIBILITY_VERSION = 1;
				DYLIB_CURRENT_VERSION = 1;
				DYLIB_INSTALL_NAME_BASE = "@rpath";
				INFOPLIST_FILE = waterfallLayoutFramework/Info.plist;
				INSTALL_PATH = "$(LOCAL_LIBRARY_DIR)/Frameworks";
				LD_RUNPATH_SEARCH_PATHS = (
					"$(inherited)",
					"@executable_path/Frameworks",
					"@loader_path/Frameworks",
				);
				PRODUCT_BUNDLE_IDENTIFIER = TDI.waterfallLayoutFramework;
				PRODUCT_NAME = "$(TARGET_NAME:c99extidentifier)";
				SKIP_INSTALL = YES;
				SWIFT_OPTIMIZATION_LEVEL = "-Onone";
				SWIFT_VERSION = 5.0;
				TARGETED_DEVICE_FAMILY = "1,2";
			};
			name = Debug;
		};
		04E300CB265DE0CE00C842E5 /* Release */ = {
			isa = XCBuildConfiguration;
			buildSettings = {
				CLANG_ENABLE_MODULES = YES;
				CODE_SIGN_STYLE = Automatic;
				DEFINES_MODULE = YES;
				DYLIB_COMPATIBILITY_VERSION = 1;
				DYLIB_CURRENT_VERSION = 1;
				DYLIB_INSTALL_NAME_BASE = "@rpath";
				INFOPLIST_FILE = waterfallLayoutFramework/Info.plist;
				INSTALL_PATH = "$(LOCAL_LIBRARY_DIR)/Frameworks";
				LD_RUNPATH_SEARCH_PATHS = (
					"$(inherited)",
					"@executable_path/Frameworks",
					"@loader_path/Frameworks",
				);
				PRODUCT_BUNDLE_IDENTIFIER = TDI.waterfallLayoutFramework;
				PRODUCT_NAME = "$(TARGET_NAME:c99extidentifier)";
				SKIP_INSTALL = YES;
				SWIFT_VERSION = 5.0;
				TARGETED_DEVICE_FAMILY = "1,2";
			};
			name = Release;
		};
/* End XCBuildConfiguration section */

/* Begin XCConfigurationList section */
		041078DC267083A900EC3715 /* Build configuration list for PBXAggregateTarget "waterfallLayourUniversal" */ = {
			isa = XCConfigurationList;
			buildConfigurations = (
				041078DD267083A900EC3715 /* Debug */,
				041078DE267083A900EC3715 /* Release */,
			);
			defaultConfigurationIsVisible = 0;
			defaultConfigurationName = Release;
		};
		04E300BB265DE0CE00C842E5 /* Build configuration list for PBXProject "waterfallLayoutFramework" */ = {
			isa = XCConfigurationList;
			buildConfigurations = (
				04E300C7265DE0CE00C842E5 /* Debug */,
				04E300C8265DE0CE00C842E5 /* Release */,
			);
			defaultConfigurationIsVisible = 0;
			defaultConfigurationName = Release;
		};
		04E300C9265DE0CE00C842E5 /* Build configuration list for PBXNativeTarget "waterfallLayoutFramework" */ = {
			isa = XCConfigurationList;
			buildConfigurations = (
				04E300CA265DE0CE00C842E5 /* Debug */,
				04E300CB265DE0CE00C842E5 /* Release */,
			);
			defaultConfigurationIsVisible = 0;
			defaultConfigurationName = Release;
		};
/* End XCConfigurationList section */
	};
	rootObject = 04E300B8265DE0CE00C842E5 /* Project object */;
}
